
Microsoft Visual Studio Solution File, Format Version 12.00
# Visual Studio Version 16
VisualStudioVersion = 16.0.30128.74
MinimumVisualStudioVersion = 10.0.40219.1
Project("{FAE04EC0-301F-11D3-BF4B-00C04F79EFBC}") = "SudokuSolver_v1.0", "SudokuSolver_v1.0.csproj", "{0659DD86-BC55-4B90-8CCC-6EBF0B7E85B9}"
EndProject
Global
	GlobalSection(SolutionConfigurationPlatforms) = preSolution
		Debug|Any CPU = Debug|Any CPU
		Release|Any CPU = Release|Any CPU
	EndGlobalSection
	GlobalSection(ProjectConfigurationPlatforms) = postSolution
		{0659DD86-BC55-4B90-8CCC-6EBF0B7E85B9}.Debug|Any CPU.ActiveCfg = Debug|Any CPU
		{0659DD86-BC55-4B90-8CCC-6EBF0B7E85B9}.Debug|Any CPU.Build.0 = Debug|Any CPU
		{0659DD86-BC55-4B90-8CCC-6EBF0B7E85B9}.Release|Any CPU.ActiveCfg = Release|Any CPU
		{0659DD86-BC55-4B90-8CCC-6EBF0B7E85B9}.Release|Any CPU.Build.0 = Release|Any CPU
	EndGlobalSection
	GlobalSection(SolutionProperties) = preSolution
		HideSolutionNode = FALSE
	EndGlobalSection
	GlobalSection(ExtensibilityGlobals) = postSolution
		SolutionGuid = {CF3782CE-ECA2-472B-B18F-33840C803C77}
	EndGlobalSection
EndGlobal
